# This file is automatically @generated by Cargo.
# It is not intended for manual editing.
version = 3

[[package]]
name = "c-marshalling"
version = "0.2.0"
dependencies = [
 "libc",
 "quick-error",
]

[[package]]
name = "derive-c-marshalling-library"
version = "0.1.0"
dependencies = [
 "libc",
 "proc-macro2",
 "quote",
 "syn",
]

[[package]]
name = "derive-lua-marshalling"
version = "0.2.0"
dependencies = [
 "derive-c-marshalling-library",
 "libc",
 "proc-macro2",
 "quote",
 "syn",
]

[[package]]
name = "generator"
version = "2.0.0"
dependencies = [
 "parser",
 "proc-macro2",
 "quote",
 "syn",
]

[[package]]
name = "lazy_static"
version = "1.4.0"
source = "registry+https://github.com/rust-lang/crates.io-index"
checksum = "e2abad23fbc42b3700f2f279844dc832adb2b2eb069b2df918f455c4e18cc646"

[[package]]
name = "libc"
version = "0.2.62"
source = "registry+https://github.com/rust-lang/crates.io-index"
checksum = "34fcd2c08d2f832f376f4173a231990fa5aef4e99fb569867318a227ef4c06ba"

[[package]]
name = "lua-marshalling"
version = "0.3.0"
dependencies = [
 "c-marshalling",
 "derive-lua-marshalling",
 "lazy_static",
 "libc",
]

[[package]]
name = "parser"
version = "0.2.0"
dependencies = [
 "proc-macro2",
 "quote",
 "syn",
]

[[package]]
name = "proc-macro2"
version = "1.0.39"
source = "registry+https://github.com/rust-lang/crates.io-index"
checksum = "c54b25569025b7fc9651de43004ae593a75ad88543b17178aa5e1b9c4f15f56f"
dependencies = [
 "unicode-ident",
]

[[package]]
name = "quick-error"
version = "1.2.2"
source = "registry+https://github.com/rust-lang/crates.io-index"
checksum = "9274b940887ce9addde99c4eee6b5c44cc494b182b97e73dc8ffdcb3397fd3f0"

[[package]]
name = "quote"
version = "1.0.18"
source = "registry+https://github.com/rust-lang/crates.io-index"
checksum = "a1feb54ed693b93a84e14094943b84b7c4eae204c512b7ccb95ab0c66d278ad1"
dependencies = [
 "proc-macro2",
]

[[package]]
name = "rust-example"
version = "0.1.0"
dependencies = [
 "c-marshalling",
 "generator",
 "libc",
 "lua-marshalling",
]

[[package]]
name = "rust-unit"
version = "0.1.0"
dependencies = [
 "c-marshalling",
 "generator",
 "libc",
 "lua-marshalling",
]

[[package]]
name = "syn"
version = "1.0.96"
source = "registry+https://github.com/rust-lang/crates.io-index"
checksum = "0748dd251e24453cb8717f0354206b91557e4ec8703673a4b30208f2abaf1ebf"
dependencies = [
 "proc-macro2",
 "quote",
 "unicode-ident",
]

[[package]]
name = "unicode-ident"
version = "1.0.0"
source = "registry+https://github.com/rust-lang/crates.io-index"
checksum = "d22af068fba1eb5edcb4aea19d382b2a3deb4c8f9d475c589b6ada9e0fd493ee"
